
Microsoft Visual Studio Solution File, Format Version 12.00
# Visual Studio Version 17
VisualStudioVersion = 17.0.31903.59
MinimumVisualStudioVersion = 10.0.40219.1
Project("{6e7e5f22-7609-416f-b2e1-c07f48e9c684}") = "intradotnet-entityframeworkcore-optimizations", "intradotnet-entityframeworkcore-optimizations\intradotnet-entityframeworkcore-optimizations.csproj", "{4a961d4f-ede9-4d25-9596-f055ae2ff971}"
EndProject
Project("{FAE04EC0-301F-11D3-BF4B-00C04F79EFBC}") = "intradotnet-entityframeworkcore-optimizations-test", "intradotnet-entityframeworkcore-optimizations-test\intradotnet-entityframeworkcore-optimizations-test.csproj", "{8C88EA74-11F9-4BD2-90BD-C88411653363}"
EndProject
Project("{FAE04EC0-301F-11D3-BF4B-00C04F79EFBC}") = "intradotnet-entityframeworkcore-interfaces", "intradotnet-entityframeworkcore-interfaces\intradotnet-entityframeworkcore-interfaces.csproj", "{9AB34933-5332-4F1C-B438-4EABCC2C7223}"
EndProject
Global
	GlobalSection(SolutionConfigurationPlatforms) = preSolution
		Debug|Any CPU = Debug|Any CPU
		Release|Any CPU = Release|Any CPU
	EndGlobalSection
	GlobalSection(ProjectConfigurationPlatforms) = postSolution
		{4a961d4f-ede9-4d25-9596-f055ae2ff971}.Debug|Any CPU.ActiveCfg = Debug|Any CPU
		{4a961d4f-ede9-4d25-9596-f055ae2ff971}.Debug|Any CPU.Build.0 = Debug|Any CPU
		{4a961d4f-ede9-4d25-9596-f055ae2ff971}.Release|Any CPU.ActiveCfg = Release|Any CPU
		{4a961d4f-ede9-4d25-9596-f055ae2ff971}.Release|Any CPU.Build.0 = Release|Any CPU
		{8C88EA74-11F9-4BD2-90BD-C88411653363}.Debug|Any CPU.ActiveCfg = Debug|Any CPU
		{8C88EA74-11F9-4BD2-90BD-C88411653363}.Debug|Any CPU.Build.0 = Debug|Any CPU
		{8C88EA74-11F9-4BD2-90BD-C88411653363}.Release|Any CPU.ActiveCfg = Release|Any CPU
		{8C88EA74-11F9-4BD2-90BD-C88411653363}.Release|Any CPU.Build.0 = Release|Any CPU
		{9AB34933-5332-4F1C-B438-4EABCC2C7223}.Debug|Any CPU.ActiveCfg = Debug|Any CPU
		{9AB34933-5332-4F1C-B438-4EABCC2C7223}.Debug|Any CPU.Build.0 = Debug|Any CPU
		{9AB34933-5332-4F1C-B438-4EABCC2C7223}.Release|Any CPU.ActiveCfg = Release|Any CPU
		{9AB34933-5332-4F1C-B438-4EABCC2C7223}.Release|Any CPU.Build.0 = Release|Any CPU
	EndGlobalSection
	GlobalSection(SolutionProperties) = preSolution
		HideSolutionNode = FALSE
	EndGlobalSection
EndGlobal
